
Microsoft Visual Studio Solution File, Format Version 12.00
# Visual Studio Version 16
VisualStudioVersion = 16.0.30320.27
MinimumVisualStudioVersion = 10.0.40219.1
Project("{FAE04EC0-301F-11D3-BF4B-00C04F79EFBC}") = "AzureSearchAPI", "AzureSearchAPI\AzureSearchAPI.csproj", "{6B20DA31-AC1C-4B40-ADDA-648416C14489}"
EndProject
Project("{FAE04EC0-301F-11D3-BF4B-00C04F79EFBC}") = "Challenge5", "Challenge5\Challenge5.csproj", "{BADA2410-EAE6-4754-8CB3-9340FC5B54E9}"
EndProject
Global
	GlobalSection(SolutionConfigurationPlatforms) = preSolution
		Debug|Any CPU = Debug|Any CPU
		Release|Any CPU = Release|Any CPU
	EndGlobalSection
	GlobalSection(ProjectConfigurationPlatforms) = postSolution
		{6B20DA31-AC1C-4B40-ADDA-648416C14489}.Debug|Any CPU.ActiveCfg = Debug|Any CPU
		{6B20DA31-AC1C-4B40-ADDA-648416C14489}.Debug|Any CPU.Build.0 = Debug|Any CPU
		{6B20DA31-AC1C-4B40-ADDA-648416C14489}.Release|Any CPU.ActiveCfg = Release|Any CPU
		{6B20DA31-AC1C-4B40-ADDA-648416C14489}.Release|Any CPU.Build.0 = Release|Any CPU
		{BADA2410-EAE6-4754-8CB3-9340FC5B54E9}.Debug|Any CPU.ActiveCfg = Debug|Any CPU
		{BADA2410-EAE6-4754-8CB3-9340FC5B54E9}.Debug|Any CPU.Build.0 = Debug|Any CPU
		{BADA2410-EAE6-4754-8CB3-9340FC5B54E9}.Release|Any CPU.ActiveCfg = Release|Any CPU
		{BADA2410-EAE6-4754-8CB3-9340FC5B54E9}.Release|Any CPU.Build.0 = Release|Any CPU
	EndGlobalSection
	GlobalSection(SolutionProperties) = preSolution
		HideSolutionNode = FALSE
	EndGlobalSection
	GlobalSection(ExtensibilityGlobals) = postSolution
		SolutionGuid = {CD94DEA3-246F-4C3D-94D4-4DECBD409986}
	EndGlobalSection
EndGlobal
